// !$*UTF8*$!
{
	archiveVersion = 1;
	classes = {
	};
	objectVersion = 77;
	objects = {

/* Begin PBXContainerItemProxy section */
		C39B0B362E37858D0020174F /* PBXContainerItemProxy */ = {
			isa = PBXContainerItemProxy;
			containerPortal = C39B0B1E2E37858D0020174F /* Project object */;
			proxyType = 1;
			remoteGlobalIDString = C39B0B252E37858D0020174F;
			remoteInfo = Lopan;
		};
		C39B0B402E37858E0020174F /* PBXContainerItemProxy */ = {
			isa = PBXContainerItemProxy;
			containerPortal = C39B0B1E2E37858D0020174F /* Project object */;
			proxyType = 1;
			remoteGlobalIDString = C39B0B252E37858D0020174F;
			remoteInfo = Lopan;
		};
/* End PBXContainerItemProxy section */

/* Begin PBXFileReference section */
		C39B0B262E37858D0020174F /* Lopan.app */ = {isa = PBXFileReference; explicitFileType = wrapper.application; includeInIndex = 0; path = Lopan.app; sourceTree = BUILT_PRODUCTS_DIR; };
		C39B0B352E37858D0020174F /* LopanTests.xctest */ = {isa = PBXFileReference; explicitFileType = wrapper.cfbundle; includeInIndex = 0; path = LopanTests.xctest; sourceTree = BUILT_PRODUCTS_DIR; };
		C39B0B3F2E37858E0020174F /* LopanUITests.xctest */ = {isa = PBXFileReference; explicitFileType = wrapper.cfbundle; includeInIndex = 0; path = LopanUITests.xctest; sourceTree = BUILT_PRODUCTS_DIR; };
/* End PBXFileReference section */

/* Begin PBXFileSystemSynchronizedRootGroup section */
		C39B0B282E37858D0020174F /* Lopan */ = {
			isa = PBXFileSystemSynchronizedRootGroup;
			path = Lopan;
			sourceTree = "<group>";
		};
		C39B0B382E37858D0020174F /* LopanTests */ = {
			isa = PBXFileSystemSynchronizedRootGroup;
			path = LopanTests;
			sourceTree = "<group>";
		};
		C39B0B422E37858E0020174F /* LopanUITests */ = {
			isa = PBXFileSystemSynchronizedRootGroup;
			path = LopanUITests;
			sourceTree = "<group>";
		};
/* End PBXFileSystemSynchronizedRootGroup section */

/* Begin PBXFrameworksBuildPhase section */
		C39B0B232E37858D0020174F /* Frameworks */ = {
			isa = PBXFrameworksBuildPhase;
			buildActionMask = 2147483647;
			files = (
			);
			runOnlyForDeploymentPostprocessing = 0;
		};
		C39B0B322E37858D0020174F /* Frameworks */ = {
			isa = PBXFrameworksBuildPhase;
			buildActionMask = 2147483647;
			files = (
			);
			runOnlyForDeploymentPostprocessing = 0;
		};
		C39B0B3C2E37858E0020174F /* Frameworks */ = {
			isa = PBXFrameworksBuildPhase;
			buildActionMask = 2147483647;
			files = (
			);
			runOnlyForDeploymentPostprocessing = 0;
		};
/* End PBXFrameworksBuildPhase section */

/* Begin PBXGroup section */
		C36D7F332E9817B0000119F1 /* Frameworks */ = {
			isa = PBXGroup;
			children = (
			);
			name = Frameworks;
			sourceTree = "<group>";
		};
		C39B0B1D2E37858C0020174F = {
			isa = PBXGroup;
			children = (
				C39B0B282E37858D0020174F /* Lopan */,
				C39B0B382E37858D0020174F /* LopanTests */,
				C39B0B422E37858E0020174F /* LopanUITests */,
				C36D7F332E9817B0000119F1 /* Frameworks */,
				C39B0B272E37858D0020174F /* Products */,
			);
			sourceTree = "<group>";
		};
		C39B0B272E37858D0020174F /* Products */ = {
			isa = PBXGroup;
			children = (
				C39B0B262E37858D0020174F /* Lopan.app */,
				C39B0B352E37858D0020174F /* LopanTests.xctest */,
				C39B0B3F2E37858E0020174F /* LopanUITests.xctest */,
			);
			name = Products;
			sourceTree = "<group>";
		};
/* End PBXGroup section */

/* Begin PBXNativeTarget section */
		C39B0B252E37858D0020174F /* Lopan */ = {
			isa = PBXNativeTarget;
			buildConfigurationList = C39B0B492E37858E0020174F /* Build configuration list for PBXNativeTarget "Lopan" */;
			buildPhases = (
				C39B0B222E37858D0020174F /* Sources */,
				C39B0B232E37858D0020174F /* Frameworks */,
				C39B0B242E37858D0020174F /* Resources */,
				C3BBDB042E3A52A400928DD0 /* Run Script */,
			);
			buildRules = (
			);
			dependencies = (
			);
			fileSystemSynchronizedGroups = (
				C39B0B282E37858D0020174F /* Lopan */,
			);
			name = Lopan;
			packageProductDependencies = (
			);
			productName = Lopan;
			productReference = C39B0B262E37858D0020174F /* Lopan.app */;
			productType = "com.apple.product-type.application";
		};
		C39B0B342E37858D0020174F /* LopanTests */ = {
			isa = PBXNativeTarget;
			buildConfigurationList = C39B0B4C2E37858E0020174F /* Build configuration list for PBXNativeTarget "LopanTests" */;
			buildPhases = (
				C39B0B312E37858D0020174F /* Sources */,
				C39B0B322E37858D0020174F /* Frameworks */,
				C39B0B332E37858D0020174F /* Resources */,
			);
			buildRules = (
			);
			dependencies = (
				C39B0B372E37858D0020174F /* PBXTargetDependency */,
			);
			fileSystemSynchronizedGroups = (
				C39B0B382E37858D0020174F /* LopanTests */,
			);
			name = LopanTests;
			packageProductDependencies = (
			);
			productName = LopanTests;
			productReference = C39B0B352E37858D0020174F /* LopanTests.xctest */;
			productType = "com.apple.product-type.bundle.unit-test";
		};
		C39B0B3E2E37858E0020174F /* LopanUITests */ = {
			isa = PBXNativeTarget;
			buildConfigurationList = C39B0B4F2E37858E0020174F /* Build configuration list for PBXNativeTarget "LopanUITests" */;
			buildPhases = (
				C39B0B3B2E37858E0020174F /* Sources */,
				C39B0B3C2E37858E0020174F /* Frameworks */,
				C39B0B3D2E37858E0020174F /* Resources */,
			);
			buildRules = (
			);
			dependencies = (
				C39B0B412E37858E0020174F /* PBXTargetDependency */,
			);
			fileSystemSynchronizedGroups = (
				C39B0B422E37858E0020174F /* LopanUITests */,
			);
			name = LopanUITests;
			packageProductDependencies = (
			);
			productName = LopanUITests;
			productReference = C39B0B3F2E37858E0020174F /* LopanUITests.xctest */;
			productType = "com.apple.product-type.bundle.ui-testing";
		};
/* End PBXNativeTarget section */

/* Begin PBXProject section */
		C39B0B1E2E37858D0020174F /* Project object */ = {
			isa = PBXProject;
			attributes = {
				BuildIndependentTargetsInParallel = 1;
				LastSwiftUpdateCheck = 1630;
				LastUpgradeCheck = 1630;
				TargetAttributes = {
					C39B0B252E37858D0020174F = {
						CreatedOnToolsVersion = 16.3;
					};
					C39B0B342E37858D0020174F = {
						CreatedOnToolsVersion = 16.3;
						TestTargetID = C39B0B252E37858D0020174F;
					};
					C39B0B3E2E37858E0020174F = {
						CreatedOnToolsVersion = 16.3;
						TestTargetID = C39B0B252E37858D0020174F;
					};
				};
			};
			buildConfigurationList = C39B0B212E37858D0020174F /* Build configuration list for PBXProject "Lopan" */;
			developmentRegion = en;
			hasScannedForEncodings = 0;
			knownRegions = (
				en,
				Base,
				"zh-Hans",
			);
			mainGroup = C39B0B1D2E37858C0020174F;
			minimizedProjectReferenceProxies = 1;
			packageReferences = (
			);
			preferredProjectObjectVersion = 77;
			productRefGroup = C39B0B272E37858D0020174F /* Products */;
			projectDirPath = "";
			projectRoot = "";
			targets = (
				C39B0B252E37858D0020174F /* Lopan */,
				C39B0B342E37858D0020174F /* LopanTests */,
				C39B0B3E2E37858E0020174F /* LopanUITests */,
			);
		};
/* End PBXProject section */

/* Begin PBXResourcesBuildPhase section */
		C39B0B242E37858D0020174F /* Resources */ = {
			isa = PBXResourcesBuildPhase;
			buildActionMask = 2147483647;
			files = (
			);
			runOnlyForDeploymentPostprocessing = 0;
		};
		C39B0B332E37858D0020174F /* Resources */ = {
			isa = PBXResourcesBuildPhase;
			buildActionMask = 2147483647;
			files = (
			);
			runOnlyForDeploymentPostprocessing = 0;
		};
		C39B0B3D2E37858E0020174F /* Resources */ = {
			isa = PBXResourcesBuildPhase;
			buildActionMask = 2147483647;
			files = (
			);
			runOnlyForDeploymentPostprocessing = 0;
		};
/* End PBXResourcesBuildPhase section */

/* Begin PBXShellScriptBuildPhase section */
		C3BBDB042E3A52A400928DD0 /* Run Script */ = {
			isa = PBXShellScriptBuildPhase;
			buildActionMask = 2147483647;
			files = (
			);
			inputFileListPaths = (
			);
			inputPaths = (
			);
			name = "Run Script";
			outputFileListPaths = (
			);
			outputPaths = (
			);
			runOnlyForDeploymentPostprocessing = 0;
			shellPath = /bin/sh;
			shellScript = "#!/bin/sh\n\n# 确保 Xcode 脚本可以找到 Claude CLI 和 nvm 的 Node 路径\nexport PATH=$HOME/.nvm/versions/node/$(ls $HOME/.nvm/versions/node | tail -n 1)/bin:/opt/homebrew/bin:/usr/local/bin:$PATH\n\necho \"🚀 Claude Code 自动提交启动...\"\n\n### 1. 检查 Claude CLI 是否安装\nif ! command -v claude >/dev/null 2>&1; then\n  osascript -e 'display dialog \"⚠️ Claude CLI 未安装，请先执行 npm install -g claude-code\" buttons {\"OK\"} with icon caution'\n  exit 1\nfi\n\n### 2. 检查是否有改动\nif [ -z \"$(git status --porcelain)\" ]; then\n  osascript -e 'display notification \"没有检测到改动，跳过提交\" with title \"ℹ️ Claude Code\"'\n  exit 0\nfi\n\n### 3. 自动添加所有改动\ngit add .\n\n### 4. 确定分支策略\nBRANCH=$(git rev-parse --abbrev-ref HEAD)\nif [ \"$BRANCH\" = \"main\" ]; then\n  TARGET_BRANCH=\"main\"\nelse\n  # 如果不在 main，就用 feature-分支名（如果不存在则新建）\n  TARGET_BRANCH=\"feature/${BRANCH}\"\n  git checkout -B \"$TARGET_BRANCH\"\nfi\n\n### 5. 自动 commit & push\nif claude commit && claude push; then\n  if [ \"$TARGET_BRANCH\" = \"main\" ]; then\n    osascript -e 'display notification \"Claude Code 已推送到 main 分支\" with title \"✅ Push Complete\"'\n  else\n    # 自动打开 PR 页面（如果存在）\n    PR_URL=$(gh pr view --json url --jq '.url' 2>/dev/null)\n    if [ -n \"$PR_URL\" ]; then\n      osascript -e \"display dialog \\\"✅ Claude Code 已提交到 $TARGET_BRANCH，点击打开 PR\\\" buttons {\\\"打开 PR\\\"} default button 1\"\n      open \"$PR_URL\"\n    else\n      osascript -e 'display notification \"Claude Code 已推送到 feature 分支，等待自动 PR\" with title \"✅ Push Complete\"'\n    fi\n  fi\nelse\n  echo \"❌ Claude CLI 执行失败，查看日志：~/.claude/logs/latest.log\"\n  if [ -f \"$HOME/.claude/logs/latest.log\" ]; then\n    LOG_CONTENT=$(tail -n 15 $HOME/.claude/logs/latest.log)\n  else\n    LOG_CONTENT=\"未找到 Claude 日志，请检查 Xcode Build Log\"\n  fi\n  osascript -e \"display dialog \\\"❌ Claude 提交失败：\\n$LOG_CONTENT\\\" buttons {\\\"OK\\\"} with icon stop\"\n  exit 1\nfi\n";
		};
/* End PBXShellScriptBuildPhase section */

/* Begin PBXSourcesBuildPhase section */
		C39B0B222E37858D0020174F /* Sources */ = {
			isa = PBXSourcesBuildPhase;
			buildActionMask = 2147483647;
			files = (
			);
			runOnlyForDeploymentPostprocessing = 0;
		};
		C39B0B312E37858D0020174F /* Sources */ = {
			isa = PBXSourcesBuildPhase;
			buildActionMask = 2147483647;
			files = (
			);
			runOnlyForDeploymentPostprocessing = 0;
		};
		C39B0B3B2E37858E0020174F /* Sources */ = {
			isa = PBXSourcesBuildPhase;
			buildActionMask = 2147483647;
			files = (
			);
			runOnlyForDeploymentPostprocessing = 0;
		};
/* End PBXSourcesBuildPhase section */

/* Begin PBXTargetDependency section */
		C39B0B372E37858D0020174F /* PBXTargetDependency */ = {
			isa = PBXTargetDependency;
			target = C39B0B252E37858D0020174F /* Lopan */;
			targetProxy = C39B0B362E37858D0020174F /* PBXContainerItemProxy */;
		};
		C39B0B412E37858E0020174F /* PBXTargetDependency */ = {
			isa = PBXTargetDependency;
			target = C39B0B252E37858D0020174F /* Lopan */;
			targetProxy = C39B0B402E37858E0020174F /* PBXContainerItemProxy */;
		};
/* End PBXTargetDependency section */

/* Begin XCBuildConfiguration section */
		C39B0B472E37858E0020174F /* Debug */ = {
			isa = XCBuildConfiguration;
			buildSettings = {
				ALWAYS_SEARCH_USER_PATHS = NO;
				ASSETCATALOG_COMPILER_GENERATE_SWIFT_ASSET_SYMBOL_EXTENSIONS = YES;
				CLANG_ANALYZER_NONNULL = YES;
				CLANG_ANALYZER_NUMBER_OBJECT_CONVERSION = YES_AGGRESSIVE;
				CLANG_CXX_LANGUAGE_STANDARD = "gnu++20";
				CLANG_ENABLE_MODULES = YES;
				CLANG_ENABLE_OBJC_ARC = YES;
				CLANG_ENABLE_OBJC_WEAK = YES;
				CLANG_WARN_BLOCK_CAPTURE_AUTORELEASING = YES;
				CLANG_WARN_BOOL_CONVERSION = YES;
				CLANG_WARN_COMMA = YES;
				CLANG_WARN_CONSTANT_CONVERSION = YES;
				CLANG_WARN_DEPRECATED_OBJC_IMPLEMENTATIONS = YES;
				CLANG_WARN_DIRECT_OBJC_ISA_USAGE = YES_ERROR;
				CLANG_WARN_DOCUMENTATION_COMMENTS = YES;
				CLANG_WARN_EMPTY_BODY = YES;
				CLANG_WARN_ENUM_CONVERSION = YES;
				CLANG_WARN_INFINITE_RECURSION = YES;
				CLANG_WARN_INT_CONVERSION = YES;
				CLANG_WARN_NON_LITERAL_NULL_CONVERSION = YES;
				CLANG_WARN_OBJC_IMPLICIT_RETAIN_SELF = YES;
				CLANG_WARN_OBJC_LITERAL_CONVERSION = YES;
				CLANG_WARN_OBJC_ROOT_CLASS = YES_ERROR;
				CLANG_WARN_QUOTED_INCLUDE_IN_FRAMEWORK_HEADER = YES;
				CLANG_WARN_RANGE_LOOP_ANALYSIS = YES;
				CLANG_WARN_STRICT_PROTOTYPES = YES;
				CLANG_WARN_SUSPICIOUS_MOVE = YES;
				CLANG_WARN_UNGUARDED_AVAILABILITY = YES_AGGRESSIVE;
				CLANG_WARN_UNREACHABLE_CODE = YES;
				CLANG_WARN__DUPLICATE_METHOD_MATCH = YES;
				COPY_PHASE_STRIP = NO;
				DEBUG_INFORMATION_FORMAT = dwarf;
				DEVELOPMENT_TEAM = RKGA33FD5X;
				ENABLE_STRICT_OBJC_MSGSEND = YES;
				ENABLE_TESTABILITY = YES;
				ENABLE_USER_SCRIPT_SANDBOXING = YES;
				GCC_C_LANGUAGE_STANDARD = gnu17;
				GCC_DYNAMIC_NO_PIC = NO;
				GCC_NO_COMMON_BLOCKS = YES;
				GCC_OPTIMIZATION_LEVEL = 0;
				GCC_PREPROCESSOR_DEFINITIONS = (
					"DEBUG=1",
					"$(inherited)",
				);
				GCC_WARN_64_TO_32_BIT_CONVERSION = YES;
				GCC_WARN_ABOUT_RETURN_TYPE = YES_ERROR;
				GCC_WARN_UNDECLARED_SELECTOR = YES;
				GCC_WARN_UNINITIALIZED_AUTOS = YES_AGGRESSIVE;
				GCC_WARN_UNUSED_FUNCTION = YES;
				GCC_WARN_UNUSED_VARIABLE = YES;
				IPHONEOS_DEPLOYMENT_TARGET = 26.0;
				LOCALIZATION_PREFERS_STRING_CATALOGS = YES;
				MTL_ENABLE_DEBUG_INFO = INCLUDE_SOURCE;
				MTL_FAST_MATH = YES;
				ONLY_ACTIVE_ARCH = YES;
				SDKROOT = iphoneos;
				SWIFT_ACTIVE_COMPILATION_CONDITIONS = "DEBUG $(inherited)";
				SWIFT_OPTIMIZATION_LEVEL = "-Onone";
			};
			name = Debug;
		};
		C39B0B482E37858E0020174F /* Release */ = {
			isa = XCBuildConfiguration;
			buildSettings = {
				ALWAYS_SEARCH_USER_PATHS = NO;
				ASSETCATALOG_COMPILER_GENERATE_SWIFT_ASSET_SYMBOL_EXTENSIONS = YES;
				CLANG_ANALYZER_NONNULL = YES;
				CLANG_ANALYZER_NUMBER_OBJECT_CONVERSION = YES_AGGRESSIVE;
				CLANG_CXX_LANGUAGE_STANDARD = "gnu++20";
				CLANG_ENABLE_MODULES = YES;
				CLANG_ENABLE_OBJC_ARC = YES;
				CLANG_ENABLE_OBJC_WEAK = YES;
				CLANG_WARN_BLOCK_CAPTURE_AUTORELEASING = YES;
				CLANG_WARN_BOOL_CONVERSION = YES;
				CLANG_WARN_COMMA = YES;
				CLANG_WARN_CONSTANT_CONVERSION = YES;
				CLANG_WARN_DEPRECATED_OBJC_IMPLEMENTATIONS = YES;
				CLANG_WARN_DIRECT_OBJC_ISA_USAGE = YES_ERROR;
				CLANG_WARN_DOCUMENTATION_COMMENTS = YES;
				CLANG_WARN_EMPTY_BODY = YES;
				CLANG_WARN_ENUM_CONVERSION = YES;
				CLANG_WARN_INFINITE_RECURSION = YES;
				CLANG_WARN_INT_CONVERSION = YES;
				CLANG_WARN_NON_LITERAL_NULL_CONVERSION = YES;
				CLANG_WARN_OBJC_IMPLICIT_RETAIN_SELF = YES;
				CLANG_WARN_OBJC_LITERAL_CONVERSION = YES;
				CLANG_WARN_OBJC_ROOT_CLASS = YES_ERROR;
				CLANG_WARN_QUOTED_INCLUDE_IN_FRAMEWORK_HEADER = YES;
				CLANG_WARN_RANGE_LOOP_ANALYSIS = YES;
				CLANG_WARN_STRICT_PROTOTYPES = YES;
				CLANG_WARN_SUSPICIOUS_MOVE = YES;
				CLANG_WARN_UNGUARDED_AVAILABILITY = YES_AGGRESSIVE;
				CLANG_WARN_UNREACHABLE_CODE = YES;
				CLANG_WARN__DUPLICATE_METHOD_MATCH = YES;
				COPY_PHASE_STRIP = NO;
				DEBUG_INFORMATION_FORMAT = "dwarf-with-dsym";
				DEVELOPMENT_TEAM = RKGA33FD5X;
				ENABLE_NS_ASSERTIONS = NO;
				ENABLE_STRICT_OBJC_MSGSEND = YES;
				ENABLE_USER_SCRIPT_SANDBOXING = YES;
				GCC_C_LANGUAGE_STANDARD = gnu17;
				GCC_NO_COMMON_BLOCKS = YES;
				GCC_WARN_64_TO_32_BIT_CONVERSION = YES;
				GCC_WARN_ABOUT_RETURN_TYPE = YES_ERROR;
				GCC_WARN_UNDECLARED_SELECTOR = YES;
				GCC_WARN_UNINITIALIZED_AUTOS = YES_AGGRESSIVE;
				GCC_WARN_UNUSED_FUNCTION = YES;
				GCC_WARN_UNUSED_VARIABLE = YES;
				IPHONEOS_DEPLOYMENT_TARGET = 26.0;
				LOCALIZATION_PREFERS_STRING_CATALOGS = YES;
				MTL_ENABLE_DEBUG_INFO = NO;
				MTL_FAST_MATH = YES;
				SDKROOT = iphoneos;
				SWIFT_COMPILATION_MODE = wholemodule;
				VALIDATE_PRODUCT = YES;
			};
			name = Release;
		};
		C39B0B4A2E37858E0020174F /* Debug */ = {
			isa = XCBuildConfiguration;
			buildSettings = {
				ASSETCATALOG_COMPILER_APPICON_NAME = AppIcon;
				ASSETCATALOG_COMPILER_GLOBAL_ACCENT_COLOR_NAME = AccentColor;
				CODE_SIGN_STYLE = Automatic;
				CURRENT_PROJECT_VERSION = 1;
				DEVELOPMENT_TEAM = RKGA33FD5X;
				ENABLE_PREVIEWS = YES;
				GENERATE_INFOPLIST_FILE = YES;
				INFOPLIST_KEY_NSAppTransportSecurity = "<dict><key>NSAllowsArbitraryLoads</key><false/><key>NSAllowsLocalNetworking</key><false/><key>NSRequiresCertificateTransparency</key><true/></dict>";
				INFOPLIST_KEY_NSCalendarsUsageDescription = "洛盘生产管理需要访问日历来安排生产计划和提醒事项。";
				INFOPLIST_KEY_NSCameraUsageDescription = "洛盘生产管理需要访问相机来拍摄产品照片和客户缺货记录。";
				INFOPLIST_KEY_NSContactsUsageDescription = "洛盘生产管理需要访问通讯录来快速添加客户联系信息。";
				INFOPLIST_KEY_NSFaceIDUsageDescription = "洛盘生产管理使用Face ID来保护敏感数据和快速登录。";
				INFOPLIST_KEY_NSLocalNetworkUsageDescription = "洛盘生产管理需要访问本地网络来连接生产设备和服务器。";
				INFOPLIST_KEY_NSLocationWhenInUseUsageDescription = "洛盘生产管理需要访问位置信息来记录客户地址和配送信息。";
				INFOPLIST_KEY_NSMicrophoneUsageDescription = "洛盘生产管理需要访问麦克风来录制语音备注。";
				INFOPLIST_KEY_NSPhotoLibraryUsageDescription = "洛盘生产管理需要访问照片库来选择和保存产品图片。";
				INFOPLIST_KEY_NSRemindersUsageDescription = "洛盘生产管理需要访问提醒事项来创建任务提醒。";
				INFOPLIST_KEY_UIApplicationSceneManifest_Generation = YES;
				INFOPLIST_KEY_UIApplicationSupportsIndirectInputEvents = YES;
				INFOPLIST_KEY_UILaunchScreen_Generation = YES;
				INFOPLIST_KEY_UISupportedInterfaceOrientations_iPad = "UIInterfaceOrientationPortrait UIInterfaceOrientationPortraitUpsideDown UIInterfaceOrientationLandscapeLeft UIInterfaceOrientationLandscapeRight";
				INFOPLIST_KEY_UISupportedInterfaceOrientations_iPhone = "UIInterfaceOrientationPortrait UIInterfaceOrientationLandscapeLeft UIInterfaceOrientationLandscapeRight";
				LD_RUNPATH_SEARCH_PATHS = (
					"$(inherited)",
					"@executable_path/Frameworks",
				);
				MARKETING_VERSION = 1.0;
				PRODUCT_BUNDLE_IDENTIFIER = com.lopanng.Lopan;
				PRODUCT_NAME = "$(TARGET_NAME)";
				SWIFT_EMIT_LOC_STRINGS = YES;
				SWIFT_VERSION = 5.0;
				TARGETED_DEVICE_FAMILY = "1,2";
			};
			name = Debug;
		};
		C39B0B4B2E37858E0020174F /* Release */ = {
			isa = XCBuildConfiguration;
			buildSettings = {
				ASSETCATALOG_COMPILER_APPICON_NAME = AppIcon;
				ASSETCATALOG_COMPILER_GLOBAL_ACCENT_COLOR_NAME = AccentColor;
				CODE_SIGN_STYLE = Automatic;
				CURRENT_PROJECT_VERSION = 1;
				DEVELOPMENT_TEAM = RKGA33FD5X;
				ENABLE_PREVIEWS = YES;
				GENERATE_INFOPLIST_FILE = YES;
				INFOPLIST_KEY_NSAppTransportSecurity = "<dict><key>NSAllowsArbitraryLoads</key><false/><key>NSAllowsLocalNetworking</key><false/><key>NSRequiresCertificateTransparency</key><true/></dict>";
				INFOPLIST_KEY_NSCalendarsUsageDescription = "洛盘生产管理需要访问日历来安排生产计划和提醒事项。";
				INFOPLIST_KEY_NSCameraUsageDescription = "洛盘生产管理需要访问相机来拍摄产品照片和客户缺货记录。";
				INFOPLIST_KEY_NSContactsUsageDescription = "洛盘生产管理需要访问通讯录来快速添加客户联系信息。";
				INFOPLIST_KEY_NSFaceIDUsageDescription = "洛盘生产管理使用Face ID来保护敏感数据和快速登录。";
				INFOPLIST_KEY_NSLocalNetworkUsageDescription = "洛盘生产管理需要访问本地网络来连接生产设备和服务器。";
				INFOPLIST_KEY_NSLocationWhenInUseUsageDescription = "洛盘生产管理需要访问位置信息来记录客户地址和配送信息。";
				INFOPLIST_KEY_NSMicrophoneUsageDescription = "洛盘生产管理需要访问麦克风来录制语音备注。";
				INFOPLIST_KEY_NSPhotoLibraryUsageDescription = "洛盘生产管理需要访问照片库来选择和保存产品图片。";
				INFOPLIST_KEY_NSRemindersUsageDescription = "洛盘生产管理需要访问提醒事项来创建任务提醒。";
				INFOPLIST_KEY_UIApplicationSceneManifest_Generation = YES;
				INFOPLIST_KEY_UIApplicationSupportsIndirectInputEvents = YES;
				INFOPLIST_KEY_UILaunchScreen_Generation = YES;
				INFOPLIST_KEY_UISupportedInterfaceOrientations_iPad = "UIInterfaceOrientationPortrait UIInterfaceOrientationPortraitUpsideDown UIInterfaceOrientationLandscapeLeft UIInterfaceOrientationLandscapeRight";
				INFOPLIST_KEY_UISupportedInterfaceOrientations_iPhone = "UIInterfaceOrientationPortrait UIInterfaceOrientationLandscapeLeft UIInterfaceOrientationLandscapeRight";
				LD_RUNPATH_SEARCH_PATHS = (
					"$(inherited)",
					"@executable_path/Frameworks",
				);
				MARKETING_VERSION = 1.0;
				PRODUCT_BUNDLE_IDENTIFIER = com.lopanng.Lopan;
				PRODUCT_NAME = "$(TARGET_NAME)";
				SWIFT_EMIT_LOC_STRINGS = YES;
				SWIFT_VERSION = 5.0;
				TARGETED_DEVICE_FAMILY = "1,2";
			};
			name = Release;
		};
		C39B0B4D2E37858E0020174F /* Debug */ = {
			isa = XCBuildConfiguration;
			buildSettings = {
				BUNDLE_LOADER = "$(TEST_HOST)";
				CODE_SIGN_STYLE = Automatic;
				CURRENT_PROJECT_VERSION = 1;
				DEVELOPMENT_TEAM = RKGA33FD5X;
				GENERATE_INFOPLIST_FILE = YES;
				IPHONEOS_DEPLOYMENT_TARGET = 26.0;
				MARKETING_VERSION = 1.0;
				PRODUCT_BUNDLE_IDENTIFIER = com.lopanng.LopanTests;
				PRODUCT_NAME = "$(TARGET_NAME)";
				SWIFT_EMIT_LOC_STRINGS = NO;
				SWIFT_VERSION = 5.0;
				TARGETED_DEVICE_FAMILY = "1,2";
				TEST_HOST = "$(BUILT_PRODUCTS_DIR)/Lopan.app/$(BUNDLE_EXECUTABLE_FOLDER_PATH)/Lopan";
			};
			name = Debug;
		};
		C39B0B4E2E37858E0020174F /* Release */ = {
			isa = XCBuildConfiguration;
			buildSettings = {
				BUNDLE_LOADER = "$(TEST_HOST)";
				CODE_SIGN_STYLE = Automatic;
				CURRENT_PROJECT_VERSION = 1;
				DEVELOPMENT_TEAM = RKGA33FD5X;
				GENERATE_INFOPLIST_FILE = YES;
				IPHONEOS_DEPLOYMENT_TARGET = 26.0;
				MARKETING_VERSION = 1.0;
				PRODUCT_BUNDLE_IDENTIFIER = com.lopanng.LopanTests;
				PRODUCT_NAME = "$(TARGET_NAME)";
				SWIFT_EMIT_LOC_STRINGS = NO;
				SWIFT_VERSION = 5.0;
				TARGETED_DEVICE_FAMILY = "1,2";
				TEST_HOST = "$(BUILT_PRODUCTS_DIR)/Lopan.app/$(BUNDLE_EXECUTABLE_FOLDER_PATH)/Lopan";
			};
			name = Release;
		};
		C39B0B502E37858E0020174F /* Debug */ = {
			isa = XCBuildConfiguration;
			buildSettings = {
				CODE_SIGN_STYLE = Automatic;
				CURRENT_PROJECT_VERSION = 1;
				DEVELOPMENT_TEAM = RKGA33FD5X;
				GENERATE_INFOPLIST_FILE = YES;
				MARKETING_VERSION = 1.0;
				PRODUCT_BUNDLE_IDENTIFIER = com.lopanng.LopanUITests;
				PRODUCT_NAME = "$(TARGET_NAME)";
				SWIFT_EMIT_LOC_STRINGS = NO;
				SWIFT_VERSION = 5.0;
				TARGETED_DEVICE_FAMILY = "1,2";
				TEST_TARGET_NAME = Lopan;
			};
			name = Debug;
		};
		C39B0B512E37858E0020174F /* Release */ = {
			isa = XCBuildConfiguration;
			buildSettings = {
				CODE_SIGN_STYLE = Automatic;
				CURRENT_PROJECT_VERSION = 1;
				DEVELOPMENT_TEAM = RKGA33FD5X;
				GENERATE_INFOPLIST_FILE = YES;
				MARKETING_VERSION = 1.0;
				PRODUCT_BUNDLE_IDENTIFIER = com.lopanng.LopanUITests;
				PRODUCT_NAME = "$(TARGET_NAME)";
				SWIFT_EMIT_LOC_STRINGS = NO;
				SWIFT_VERSION = 5.0;
				TARGETED_DEVICE_FAMILY = "1,2";
				TEST_TARGET_NAME = Lopan;
			};
			name = Release;
		};
/* End XCBuildConfiguration section */

/* Begin XCConfigurationList section */
		C39B0B212E37858D0020174F /* Build configuration list for PBXProject "Lopan" */ = {
			isa = XCConfigurationList;
			buildConfigurations = (
				C39B0B472E37858E0020174F /* Debug */,
				C39B0B482E37858E0020174F /* Release */,
			);
			defaultConfigurationIsVisible = 0;
			defaultConfigurationName = Release;
		};
		C39B0B492E37858E0020174F /* Build configuration list for PBXNativeTarget "Lopan" */ = {
			isa = XCConfigurationList;
			buildConfigurations = (
				C39B0B4A2E37858E0020174F /* Debug */,
				C39B0B4B2E37858E0020174F /* Release */,
			);
			defaultConfigurationIsVisible = 0;
			defaultConfigurationName = Release;
		};
		C39B0B4C2E37858E0020174F /* Build configuration list for PBXNativeTarget "LopanTests" */ = {
			isa = XCConfigurationList;
			buildConfigurations = (
				C39B0B4D2E37858E0020174F /* Debug */,
				C39B0B4E2E37858E0020174F /* Release */,
			);
			defaultConfigurationIsVisible = 0;
			defaultConfigurationName = Release;
		};
		C39B0B4F2E37858E0020174F /* Build configuration list for PBXNativeTarget "LopanUITests" */ = {
			isa = XCConfigurationList;
			buildConfigurations = (
				C39B0B502E37858E0020174F /* Debug */,
				C39B0B512E37858E0020174F /* Release */,
			);
			defaultConfigurationIsVisible = 0;
			defaultConfigurationName = Release;
		};
/* End XCConfigurationList section */
	};
	rootObject = C39B0B1E2E37858D0020174F /* Project object */;
}
